// !$*UTF8*$!
{
	archiveVersion = 1;
	classes = {
	};
	objectVersion = 46;
	objects = {

/* Begin PBXBuildFile section */
		E27D1CB31D61AB47007416BD /* main.m in Sources */ = {isa = PBXBuildFile; fileRef = E27D1CB21D61AB47007416BD /* main.m */; };
		E27D1CB61D61AB47007416BD /* AppDelegate.m in Sources */ = {isa = PBXBuildFile; fileRef = E27D1CB51D61AB47007416BD /* AppDelegate.m */; };
		E27D1CB91D61AB47007416BD /* ViewController.m in Sources */ = {isa = PBXBuildFile; fileRef = E27D1CB81D61AB47007416BD /* ViewController.m */; };
		E27D1CBC1D61AB47007416BD /* Main.storyboard in Resources */ = {isa = PBXBuildFile; fileRef = E27D1CBA1D61AB47007416BD /* Main.storyboard */; };
		E27D1CBE1D61AB47007416BD /* Assets.xcassets in Resources */ = {isa = PBXBuildFile; fileRef = E27D1CBD1D61AB47007416BD /* Assets.xcassets */; };
		E27D1CC11D61AB47007416BD /* LaunchScreen.storyboard in Resources */ = {isa = PBXBuildFile; fileRef = E27D1CBF1D61AB47007416BD /* LaunchScreen.storyboard */; };
		E2973AC71D670BE0000D8C34 /* MyTableViewCell.m in Sources */ = {isa = PBXBuildFile; fileRef = E2973AC61D670BE0000D8C34 /* MyTableViewCell.m */; };
		E2973ACA1D670BFE000D8C34 /* UserModel.m in Sources */ = {isa = PBXBuildFile; fileRef = E2973AC91D670BFE000D8C34 /* UserModel.m */; };
		E2973ACE1D670C15000D8C34 /* daxiong.jpg in Resources */ = {isa = PBXBuildFile; fileRef = E2973ACB1D670C15000D8C34 /* daxiong.jpg */; };
		E2973ACF1D670C15000D8C34 /* duolaameng.jpg in Resources */ = {isa = PBXBuildFile; fileRef = E2973ACC1D670C15000D8C34 /* duolaameng.jpg */; };
		E2973AD01D670C15000D8C34 /* panghu.jpg in Resources */ = {isa = PBXBuildFile; fileRef = E2973ACD1D670C15000D8C34 /* panghu.jpg */; };
/* End PBXBuildFile section */

/* Begin PBXFileReference section */
		E27D1CAE1D61AB47007416BD /* tableview自适应.app */ = {isa = PBXFileReference; explicitFileType = wrapper.application; includeInIndex = 0; path = "tableview自适应.app"; sourceTree = BUILT_PRODUCTS_DIR; };
		E27D1CB21D61AB47007416BD /* main.m */ = {isa = PBXFileReference; lastKnownFileType = sourcecode.c.objc; path = main.m; sourceTree = "<group>"; };
		E27D1CB41D61AB47007416BD /* AppDelegate.h */ = {isa = PBXFileReference; lastKnownFileType = sourcecode.c.h; path = AppDelegate.h; sourceTree = "<group>"; };
		E27D1CB51D61AB47007416BD /* AppDelegate.m */ = {isa = PBXFileReference; lastKnownFileType = sourcecode.c.objc; path = AppDelegate.m; sourceTree = "<group>"; };
		E27D1CB71D61AB47007416BD /* ViewController.h */ = {isa = PBXFileReference; lastKnownFileType = sourcecode.c.h; path = ViewController.h; sourceTree = "<group>"; };
		E27D1CB81D61AB47007416BD /* ViewController.m */ = {isa = PBXFileReference; lastKnownFileType = sourcecode.c.objc; path = ViewController.m; sourceTree = "<group>"; };
		E27D1CBB1D61AB47007416BD /* Base */ = {isa = PBXFileReference; lastKnownFileType = file.storyboard; name = Base; path = Base.lproj/Main.storyboard; sourceTree = "<group>"; };
		E27D1CBD1D61AB47007416BD /* Assets.xcassets */ = {isa = PBXFileReference; lastKnownFileType = folder.assetcatalog; path = Assets.xcassets; sourceTree = "<group>"; };
		E27D1CC01D61AB47007416BD /* Base */ = {isa = PBXFileReference; lastKnownFileType = file.storyboard; name = Base; path = Base.lproj/LaunchScreen.storyboard; sourceTree = "<group>"; };
		E27D1CC21D61AB47007416BD /* Info.plist */ = {isa = PBXFileReference; lastKnownFileType = text.plist.xml; path = Info.plist; sourceTree = "<group>"; };
		E2973AC51D670BE0000D8C34 /* MyTableViewCell.h */ = {isa = PBXFileReference; fileEncoding = 4; lastKnownFileType = sourcecode.c.h; path = MyTableViewCell.h; sourceTree = "<group>"; };
		E2973AC61D670BE0000D8C34 /* MyTableViewCell.m */ = {isa = PBXFileReference; fileEncoding = 4; lastKnownFileType = sourcecode.c.objc; path = MyTableViewCell.m; sourceTree = "<group>"; };
		E2973AC81D670BFE000D8C34 /* UserModel.h */ = {isa = PBXFileReference; fileEncoding = 4; lastKnownFileType = sourcecode.c.h; path = UserModel.h; sourceTree = "<group>"; };
		E2973AC91D670BFE000D8C34 /* UserModel.m */ = {isa = PBXFileReference; fileEncoding = 4; lastKnownFileType = sourcecode.c.objc; path = UserModel.m; sourceTree = "<group>"; };
		E2973ACB1D670C15000D8C34 /* daxiong.jpg */ = {isa = PBXFileReference; lastKnownFileType = image.jpeg; path = daxiong.jpg; sourceTree = "<group>"; };
		E2973ACC1D670C15000D8C34 /* duolaameng.jpg */ = {isa = PBXFileReference; lastKnownFileType = image.jpeg; path = duolaameng.jpg; sourceTree = "<group>"; };
		E2973ACD1D670C15000D8C34 /* panghu.jpg */ = {isa = PBXFileReference; lastKnownFileType = image.jpeg; path = panghu.jpg; sourceTree = "<group>"; };
/* End PBXFileReference section */

/* Begin PBXFrameworksBuildPhase section */
		E27D1CAB1D61AB47007416BD /* Frameworks */ = {
			isa = PBXFrameworksBuildPhase;
			buildActionMask = 2147483647;
			files = (
			);
			runOnlyForDeploymentPostprocessing = 0;
		};
/* End PBXFrameworksBuildPhase section */

/* Begin PBXGroup section */
		E27D1CA51D61AB47007416BD = {
			isa = PBXGroup;
			children = (
				E27D1CB01D61AB47007416BD /* tableview自适应 */,
				E27D1CAF1D61AB47007416BD /* Products */,
			);
			sourceTree = "<group>";
		};
		E27D1CAF1D61AB47007416BD /* Products */ = {
			isa = PBXGroup;
			children = (
				E27D1CAE1D61AB47007416BD /* tableview自适应.app */,
			);
			name = Products;
			sourceTree = "<group>";
		};
		E27D1CB01D61AB47007416BD /* tableview自适应 */ = {
			isa = PBXGroup;
			children = (
				E2973ACB1D670C15000D8C34 /* daxiong.jpg */,
				E2973ACC1D670C15000D8C34 /* duolaameng.jpg */,
				E2973ACD1D670C15000D8C34 /* panghu.jpg */,
				E27D1CB41D61AB47007416BD /* AppDelegate.h */,
				E27D1CB51D61AB47007416BD /* AppDelegate.m */,
				E27D1CB71D61AB47007416BD /* ViewController.h */,
				E27D1CB81D61AB47007416BD /* ViewController.m */,
				E2973AC81D670BFE000D8C34 /* UserModel.h */,
				E2973AC91D670BFE000D8C34 /* UserModel.m */,
				E27D1CBA1D61AB47007416BD /* Main.storyboard */,
				E27D1CBD1D61AB47007416BD /* Assets.xcassets */,
				E27D1CBF1D61AB47007416BD /* LaunchScreen.storyboard */,
				E27D1CC21D61AB47007416BD /* Info.plist */,
				E27D1CB11D61AB47007416BD /* Supporting Files */,
				E2973AC51D670BE0000D8C34 /* MyTableViewCell.h */,
				E2973AC61D670BE0000D8C34 /* MyTableViewCell.m */,
			);
			path = "tableview自适应";
			sourceTree = "<group>";
		};
		E27D1CB11D61AB47007416BD /* Supporting Files */ = {
			isa = PBXGroup;
			children = (
				E27D1CB21D61AB47007416BD /* main.m */,
			);
			name = "Supporting Files";
			sourceTree = "<group>";
		};
/* End PBXGroup section */

/* Begin PBXNativeTarget section */
		E27D1CAD1D61AB47007416BD /* tableview自适应 */ = {
			isa = PBXNativeTarget;
			buildConfigurationList = E27D1CC51D61AB47007416BD /* Build configuration list for PBXNativeTarget "tableview自适应" */;
			buildPhases = (
				E27D1CAA1D61AB47007416BD /* Sources */,
				E27D1CAB1D61AB47007416BD /* Frameworks */,
				E27D1CAC1D61AB47007416BD /* Resources */,
			);
			buildRules = (
			);
			dependencies = (
			);
			name = "tableview自适应";
			productName = "tableview自适应";
			productReference = E27D1CAE1D61AB47007416BD /* tableview自适应.app */;
			productType = "com.apple.product-type.application";
		};
/* End PBXNativeTarget section */

/* Begin PBXProject section */
		E27D1CA61D61AB47007416BD /* Project object */ = {
			isa = PBXProject;
			attributes = {
				LastUpgradeCheck = 0730;
				ORGANIZATIONNAME = fengei;
				TargetAttributes = {
					E27D1CAD1D61AB47007416BD = {
						CreatedOnToolsVersion = 7.3.1;
					};
				};
			};
			buildConfigurationList = E27D1CA91D61AB47007416BD /* Build configuration list for PBXProject "tableview自适应" */;
			compatibilityVersion = "Xcode 3.2";
			developmentRegion = English;
			hasScannedForEncodings = 0;
			knownRegions = (
				en,
				Base,
			);
			mainGroup = E27D1CA51D61AB47007416BD;
			productRefGroup = E27D1CAF1D61AB47007416BD /* Products */;
			projectDirPath = "";
			projectRoot = "";
			targets = (
				E27D1CAD1D61AB47007416BD /* tableview自适应 */,
			);
		};
/* End PBXProject section */

/* Begin PBXResourcesBuildPhase section */
		E27D1CAC1D61AB47007416BD /* Resources */ = {
			isa = PBXResourcesBuildPhase;
			buildActionMask = 2147483647;
			files = (
				E2973AD01D670C15000D8C34 /* panghu.jpg in Resources */,
				E2973ACE1D670C15000D8C34 /* daxiong.jpg in Resources */,
				E27D1CC11D61AB47007416BD /* LaunchScreen.storyboard in Resources */,
				E27D1CBE1D61AB47007416BD /* Assets.xcassets in Resources */,
				E27D1CBC1D61AB47007416BD /* Main.storyboard in Resources */,
				E2973ACF1D670C15000D8C34 /* duolaameng.jpg in Resources */,
			);
			runOnlyForDeploymentPostprocessing = 0;
		};
/* End PBXResourcesBuildPhase section */

/* Begin PBXSourcesBuildPhase section */
		E27D1CAA1D61AB47007416BD /* Sources */ = {
			isa = PBXSourcesBuildPhase;
			buildActionMask = 2147483647;
			files = (
				E27D1CB91D61AB47007416BD /* ViewController.m in Sources */,
				E2973ACA1D670BFE000D8C34 /* UserModel.m in Sources */,
				E2973AC71D670BE0000D8C34 /* MyTableViewCell.m in Sources */,
				E27D1CB61D61AB47007416BD /* AppDelegate.m in Sources */,
				E27D1CB31D61AB47007416BD /* main.m in Sources */,
			);
			runOnlyForDeploymentPostprocessing = 0;
		};
/* End PBXSourcesBuildPhase section */

/* Begin PBXVariantGroup section */
		E27D1CBA1D61AB47007416BD /* Main.storyboard */ = {
			isa = PBXVariantGroup;
			children = (
				E27D1CBB1D61AB47007416BD /* Base */,
			);
			name = Main.storyboard;
			sourceTree = "<group>";
		};
		E27D1CBF1D61AB47007416BD /* LaunchScreen.storyboard */ = {
			isa = PBXVariantGroup;
			children = (
				E27D1CC01D61AB47007416BD /* Base */,
			);
			name = LaunchScreen.storyboard;
			sourceTree = "<group>";
		};
/* End PBXVariantGroup section */

/* Begin XCBuildConfiguration section */
		E27D1CC31D61AB47007416BD /* Debug */ = {
			isa = XCBuildConfiguration;
			buildSettings = {
				ALWAYS_SEARCH_USER_PATHS = NO;
				CLANG_ANALYZER_NONNULL = YES;
				CLANG_CXX_LANGUAGE_STANDARD = "gnu++0x";
				CLANG_CXX_LIBRARY = "libc++";
				CLANG_ENABLE_MODULES = YES;
				CLANG_ENABLE_OBJC_ARC = YES;
				CLANG_WARN_BOOL_CONVERSION = YES;
				CLANG_WARN_CONSTANT_CONVERSION = YES;
				CLANG_WARN_DIRECT_OBJC_ISA_USAGE = YES_ERROR;
				CLANG_WARN_EMPTY_BODY = YES;
				CLANG_WARN_ENUM_CONVERSION = YES;
				CLANG_WARN_INT_CONVERSION = YES;
				CLANG_WARN_OBJC_ROOT_CLASS = YES_ERROR;
				CLANG_WARN_UNREACHABLE_CODE = YES;
				CLANG_WARN__DUPLICATE_METHOD_MATCH = YES;
				"CODE_SIGN_IDENTITY[sdk=iphoneos*]" = "iPhone Developer";
				COPY_PHASE_STRIP = NO;
				DEBUG_INFORMATION_FORMAT = dwarf;
				ENABLE_STRICT_OBJC_MSGSEND = YES;
				ENABLE_TESTABILITY = YES;
				GCC_C_LANGUAGE_STANDARD = gnu99;
				GCC_DYNAMIC_NO_PIC = NO;
				GCC_NO_COMMON_BLOCKS = YES;
				GCC_OPTIMIZATION_LEVEL = 0;
				GCC_PREPROCESSOR_DEFINITIONS = (
					"DEBUG=1",
					"$(inherited)",
				);
				GCC_WARN_64_TO_32_BIT_CONVERSION = YES;
				GCC_WARN_ABOUT_RETURN_TYPE = YES_ERROR;
				GCC_WARN_UNDECLARED_SELECTOR = YES;
				GCC_WARN_UNINITIALIZED_AUTOS = YES_AGGRESSIVE;
				GCC_WARN_UNUSED_FUNCTION = YES;
				GCC_WARN_UNUSED_VARIABLE = YES;
				IPHONEOS_DEPLOYMENT_TARGET = 9.3;
				MTL_ENABLE_DEBUG_INFO = YES;
				ONLY_ACTIVE_ARCH = YES;
				SDKROOT = iphoneos;
			};
			name = Debug;
		};
		E27D1CC41D61AB47007416BD /* Release */ = {
			isa = XCBuildConfiguration;
			buildSettings = {
				ALWAYS_SEARCH_USER_PATHS = NO;
				CLANG_ANALYZER_NONNULL = YES;
				CLANG_CXX_LANGUAGE_STANDARD = "gnu++0x";
				CLANG_CXX_LIBRARY = "libc++";
				CLANG_ENABLE_MODULES = YES;
				CLANG_ENABLE_OBJC_ARC = YES;
				CLANG_WARN_BOOL_CONVERSION = YES;
				CLANG_WARN_CONSTANT_CONVERSION = YES;
				CLANG_WARN_DIRECT_OBJC_ISA_USAGE = YES_ERROR;
				CLANG_WARN_EMPTY_BODY = YES;
				CLANG_WARN_ENUM_CONVERSION = YES;
				CLANG_WARN_INT_CONVERSION = YES;
				CLANG_WARN_OBJC_ROOT_CLASS = YES_ERROR;
				CLANG_WARN_UNREACHABLE_CODE = YES;
				CLANG_WARN__DUPLICATE_METHOD_MATCH = YES;
				"CODE_SIGN_IDENTITY[sdk=iphoneos*]" = "iPhone Developer";
				COPY_PHASE_STRIP = NO;
				DEBUG_INFORMATION_FORMAT = "dwarf-with-dsym";
				ENABLE_NS_ASSERTIONS = NO;
				ENABLE_STRICT_OBJC_MSGSEND = YES;
				GCC_C_LANGUAGE_STANDARD = gnu99;
				GCC_NO_COMMON_BLOCKS = YES;
				GCC_WARN_64_TO_32_BIT_CONVERSION = YES;
				GCC_WARN_ABOUT_RETURN_TYPE = YES_ERROR;
				GCC_WARN_UNDECLARED_SELECTOR = YES;
				GCC_WARN_UNINITIALIZED_AUTOS = YES_AGGRESSIVE;
				GCC_WARN_UNUSED_FUNCTION = YES;
				GCC_WARN_UNUSED_VARIABLE = YES;
				IPHONEOS_DEPLOYMENT_TARGET = 9.3;
				MTL_ENABLE_DEBUG_INFO = NO;
				SDKROOT = iphoneos;
				VALIDATE_PRODUCT = YES;
			};
			name = Release;
		};
		E27D1CC61D61AB47007416BD /* Debug */ = {
			isa = XCBuildConfiguration;
			buildSettings = {
				ASSETCATALOG_COMPILER_APPICON_NAME = AppIcon;
				INFOPLIST_FILE = "tableview自适应/Info.plist";
				LD_RUNPATH_SEARCH_PATHS = "$(inherited) @executable_path/Frameworks";
				PRODUCT_BUNDLE_IDENTIFIER = "com.fengei.mobile.tableview---";
				PRODUCT_NAME = "$(TARGET_NAME)";
			};
			name = Debug;
		};
		E27D1CC71D61AB47007416BD /* Release */ = {
			isa = XCBuildConfiguration;
			buildSettings = {
				ASSETCATALOG_COMPILER_APPICON_NAME = AppIcon;
				INFOPLIST_FILE = "tableview自适应/Info.plist";
				LD_RUNPATH_SEARCH_PATHS = "$(inherited) @executable_path/Frameworks";
				PRODUCT_BUNDLE_IDENTIFIER = "com.fengei.mobile.tableview---";
				PRODUCT_NAME = "$(TARGET_NAME)";
			};
			name = Release;
		};
/* End XCBuildConfiguration section */

/* Begin XCConfigurationList section */
		E27D1CA91D61AB47007416BD /* Build configuration list for PBXProject "tableview自适应" */ = {
			isa = XCConfigurationList;
			buildConfigurations = (
				E27D1CC31D61AB47007416BD /* Debug */,
				E27D1CC41D61AB47007416BD /* Release */,
			);
			defaultConfigurationIsVisible = 0;
			defaultConfigurationName = Release;
		};
		E27D1CC51D61AB47007416BD /* Build configuration list for PBXNativeTarget "tableview自适应" */ = {
			isa = XCConfigurationList;
			buildConfigurations = (
				E27D1CC61D61AB47007416BD /* Debug */,
				E27D1CC71D61AB47007416BD /* Release */,
			);
			defaultConfigurationIsVisible = 0;
			defaultConfigurationName = Release;
		};
/* End XCConfigurationList section */
	};
	rootObject = E27D1CA61D61AB47007416BD /* Project object */;
}
